
Microsoft Visual Studio Solution File, Format Version 12.00
# Visual Studio Version 17
VisualStudioVersion = 17.10.35013.160
MinimumVisualStudioVersion = 10.0.40219.1
Project("{8BC9CEB8-8B4A-11D0-8D11-00A0C91BC942}") = "Stencil", "stencil-vc2022.vcxproj", "{BAB64109-DBA5-439B-A821-5AFF2D123AAD}"
EndProject
Global
	GlobalSection(SolutionConfigurationPlatforms) = preSolution
		Debug|Win32 = Debug|Win32
		Debug|x64 = Debug|x64
		Release|Win32 = Release|Win32
		Release|x64 = Release|x64
	EndGlobalSection
	GlobalSection(ProjectConfigurationPlatforms) = postSolution
		{BAB64109-DBA5-439B-A821-5AFF2D123AAD}.Debug|Win32.ActiveCfg = Debug|Win32
		{BAB64109-DBA5-439B-A821-5AFF2D123AAD}.Debug|Win32.Build.0 = Debug|Win32
		{BAB64109-DBA5-439B-A821-5AFF2D123AAD}.Debug|x64.ActiveCfg = Debug|x64
		{BAB64109-DBA5-439B-A821-5AFF2D123AAD}.Debug|x64.Build.0 = Debug|x64
		{BAB64109-DBA5-439B-A821-5AFF2D123AAD}.Release|Win32.ActiveCfg = Release|Win32
		{BAB64109-DBA5-439B-A821-5AFF2D123AAD}.Release|Win32.Build.0 = Release|Win32
		{BAB64109-DBA5-439B-A821-5AFF2D123AAD}.Release|x64.ActiveCfg = Release|x64
		{BAB64109-DBA5-439B-A821-5AFF2D123AAD}.Release|x64.Build.0 = Release|x64
	EndGlobalSection
	GlobalSection(SolutionProperties) = preSolution
		HideSolutionNode = FALSE
	EndGlobalSection
EndGlobal
